PODS:
  - Flutter (3.0.0)
  - flutter_barcode_scanner (2.0.0):
    - Flutter

DEPENDENCIES:
  - Flutter
  - flutter_barcode_scanner (from `../packages/flutter_barcode_scanner/ios`)

SPEC REPOS:
  trunk:
    - Flutter

EXTERNAL SOURCES:
  flutter_barcode_scanner:
    :path: "../packages/flutter_barcode_scanner/ios"

SPEC CHECKSUMS:
  Flutter: aef388869c2d2beecc8df50c818fa66e9c6eb1fb
  flutter_barcode_scanner: 7a1144744c28dc0c57a8de7218ffe5ec59a9e4bf

PODFILE CHECKSUM: d04e84c6909f04b259add29c71c1bf6f4e90f0fb

COCOAPODS: 1.11.3
